
Microsoft Visual Studio Solution File, Format Version 12.00
Project("{FAE04EC0-301F-11D3-BF4B-00C04F79EFBC}") = "tune_catalog_be", "tune_catalog_be\tune_catalog_be.csproj", "{FE7C0619-A36A-41CB-9A90-A9411882A8A4}"
EndProject
Global
	GlobalSection(SolutionConfigurationPlatforms) = preSolution
		Debug|Any CPU = Debug|Any CPU
		Release|Any CPU = Release|Any CPU
	EndGlobalSection
	GlobalSection(ProjectConfigurationPlatforms) = postSolution
		{FE7C0619-A36A-41CB-9A90-A9411882A8A4}.Debug|Any CPU.ActiveCfg = Debug|Any CPU
		{FE7C0619-A36A-41CB-9A90-A9411882A8A4}.Debug|Any CPU.Build.0 = Debug|Any CPU
		{FE7C0619-A36A-41CB-9A90-A9411882A8A4}.Release|Any CPU.ActiveCfg = Release|Any CPU
		{FE7C0619-A36A-41CB-9A90-A9411882A8A4}.Release|Any CPU.Build.0 = Release|Any CPU
	EndGlobalSection
EndGlobal
